
Microsoft Visual Studio Solution File, Format Version 12.00
# Visual Studio 14
VisualStudioVersion = 14.0.25420.1
MinimumVisualStudioVersion = 10.0.40219.1
Project("{FAE04EC0-301F-11D3-BF4B-00C04F79EFBC}") = "AppHost", "AppHost\AppHost\AppHost.csproj", "{E9D5971F-1393-42FC-BE80-FEAB4AEC6A89}"
EndProject
Project("{FAE04EC0-301F-11D3-BF4B-00C04F79EFBC}") = "AppHost.Droid", "AppHost\AppHost.Droid\AppHost.Droid.csproj", "{FEE0BC4F-4EBB-4B67-A7C7-95DF4FC571AB}"
EndProject
Project("{FAE04EC0-301F-11D3-BF4B-00C04F79EFBC}") = "AppHost.iOS", "AppHost\AppHost.iOS\AppHost.iOS.csproj", "{A108F7B6-1CF7-438E-80F3-0CAD679EA7A8}"
EndProject
Project("{FAE04EC0-301F-11D3-BF4B-00C04F79EFBC}") = "AppHost.WinPhone", "AppHost\AppHost.WinPhone\AppHost.WinPhone.csproj", "{78ED0C0E-895F-4714-B81D-4BCD86D37162}"
EndProject
Project("{FAE04EC0-301F-11D3-BF4B-00C04F79EFBC}") = "AppHost.Windows", "AppHost\AppHost.Windows\AppHost.Windows.csproj", "{30F61D8D-C032-45BF-B451-D9605D777FF7}"
EndProject
Project("{151D2E53-A2C4-4D7D-83FE-D05416EBD58E}") = "AzureResourceGroup", "AppHost\AzureResourceGroup\AzureResourceGroup.deployproj", "{3586EFA7-649B-46C0-8058-E25961D0E326}"
EndProject
Global
	GlobalSection(SolutionConfigurationPlatforms) = preSolution
		Ad-Hoc|Any CPU = Ad-Hoc|Any CPU
		Ad-Hoc|ARM = Ad-Hoc|ARM
		Ad-Hoc|iPhone = Ad-Hoc|iPhone
		Ad-Hoc|iPhoneSimulator = Ad-Hoc|iPhoneSimulator
		Ad-Hoc|x64 = Ad-Hoc|x64
		Ad-Hoc|x86 = Ad-Hoc|x86
		AppStore|Any CPU = AppStore|Any CPU
		AppStore|ARM = AppStore|ARM
		AppStore|iPhone = AppStore|iPhone
		AppStore|iPhoneSimulator = AppStore|iPhoneSimulator
		AppStore|x64 = AppStore|x64
		AppStore|x86 = AppStore|x86
		Debug|Any CPU = Debug|Any CPU
		Debug|ARM = Debug|ARM
		Debug|iPhone = Debug|iPhone
		Debug|iPhoneSimulator = Debug|iPhoneSimulator
		Debug|x64 = Debug|x64
		Debug|x86 = Debug|x86
		Release|Any CPU = Release|Any CPU
		Release|ARM = Release|ARM
		Release|iPhone = Release|iPhone
		Release|iPhoneSimulator = Release|iPhoneSimulator
		Release|x64 = Release|x64
		Release|x86 = Release|x86
	EndGlobalSection
	GlobalSection(ProjectConfigurationPlatforms) = postSolution
		{E9D5971F-1393-42FC-BE80-FEAB4AEC6A89}.Ad-Hoc|Any CPU.ActiveCfg = Release|Any CPU
		{E9D5971F-1393-42FC-BE80-FEAB4AEC6A89}.Ad-Hoc|Any CPU.Build.0 = Release|Any CPU
		{E9D5971F-1393-42FC-BE80-FEAB4AEC6A89}.Ad-Hoc|ARM.ActiveCfg = Release|Any CPU
		{E9D5971F-1393-42FC-BE80-FEAB4AEC6A89}.Ad-Hoc|ARM.Build.0 = Release|Any CPU
		{E9D5971F-1393-42FC-BE80-FEAB4AEC6A89}.Ad-Hoc|iPhone.ActiveCfg = Release|Any CPU
		{E9D5971F-1393-42FC-BE80-FEAB4AEC6A89}.Ad-Hoc|iPhone.Build.0 = Release|Any CPU
		{E9D5971F-1393-42FC-BE80-FEAB4AEC6A89}.Ad-Hoc|iPhoneSimulator.ActiveCfg = Release|Any CPU
		{E9D5971F-1393-42FC-BE80-FEAB4AEC6A89}.Ad-Hoc|iPhoneSimulator.Build.0 = Release|Any CPU
		{E9D5971F-1393-42FC-BE80-FEAB4AEC6A89}.Ad-Hoc|x64.ActiveCfg = Release|Any CPU
		{E9D5971F-1393-42FC-BE80-FEAB4AEC6A89}.Ad-Hoc|x64.Build.0 = Release|Any CPU
		{E9D5971F-1393-42FC-BE80-FEAB4AEC6A89}.Ad-Hoc|x86.ActiveCfg = Release|Any CPU
		{E9D5971F-1393-42FC-BE80-FEAB4AEC6A89}.Ad-Hoc|x86.Build.0 = Release|Any CPU
		{E9D5971F-1393-42FC-BE80-FEAB4AEC6A89}.AppStore|Any CPU.ActiveCfg = Release|Any CPU
		{E9D5971F-1393-42FC-BE80-FEAB4AEC6A89}.AppStore|Any CPU.Build.0 = Release|Any CPU
		{E9D5971F-1393-42FC-BE80-FEAB4AEC6A89}.AppStore|ARM.ActiveCfg = Release|Any CPU
		{E9D5971F-1393-42FC-BE80-FEAB4AEC6A89}.AppStore|ARM.Build.0 = Release|Any CPU
		{E9D5971F-1393-42FC-BE80-FEAB4AEC6A89}.AppStore|iPhone.ActiveCfg = Release|Any CPU
		{E9D5971F-1393-42FC-BE80-FEAB4AEC6A89}.AppStore|iPhone.Build.0 = Release|Any CPU
		{E9D5971F-1393-42FC-BE80-FEAB4AEC6A89}.AppStore|iPhoneSimulator.ActiveCfg = Release|Any CPU
		{E9D5971F-1393-42FC-BE80-FEAB4AEC6A89}.AppStore|iPhoneSimulator.Build.0 = Release|Any CPU
		{E9D5971F-1393-42FC-BE80-FEAB4AEC6A89}.AppStore|x64.ActiveCfg = Release|Any CPU
		{E9D5971F-1393-42FC-BE80-FEAB4AEC6A89}.AppStore|x64.Build.0 = Release|Any CPU
		{E9D5971F-1393-42FC-BE80-FEAB4AEC6A89}.AppStore|x86.ActiveCfg = Release|Any CPU
		{E9D5971F-1393-42FC-BE80-FEAB4AEC6A89}.AppStore|x86.Build.0 = Release|Any CPU
		{E9D5971F-1393-42FC-BE80-FEAB4AEC6A89}.Debug|Any CPU.ActiveCfg = Debug|Any CPU
		{E9D5971F-1393-42FC-BE80-FEAB4AEC6A89}.Debug|Any CPU.Build.0 = Debug|Any CPU
		{E9D5971F-1393-42FC-BE80-FEAB4AEC6A89}.Debug|ARM.ActiveCfg = Debug|Any CPU
		{E9D5971F-1393-42FC-BE80-FEAB4AEC6A89}.Debug|ARM.Build.0 = Debug|Any CPU
		{E9D5971F-1393-42FC-BE80-FEAB4AEC6A89}.Debug|iPhone.ActiveCfg = Debug|Any CPU
		{E9D5971F-1393-42FC-BE80-FEAB4AEC6A89}.Debug|iPhone.Build.0 = Debug|Any CPU
		{E9D5971F-1393-42FC-BE80-FEAB4AEC6A89}.Debug|iPhoneSimulator.ActiveCfg = Debug|Any CPU
		{E9D5971F-1393-42FC-BE80-FEAB4AEC6A89}.Debug|iPhoneSimulator.Build.0 = Debug|Any CPU
		{E9D5971F-1393-42FC-BE80-FEAB4AEC6A89}.Debug|x64.ActiveCfg = Debug|Any CPU
		{E9D5971F-1393-42FC-BE80-FEAB4AEC6A89}.Debug|x64.Build.0 = Debug|Any CPU
		{E9D5971F-1393-42FC-BE80-FEAB4AEC6A89}.Debug|x86.ActiveCfg = Debug|Any CPU
		{E9D5971F-1393-42FC-BE80-FEAB4AEC6A89}.Debug|x86.Build.0 = Debug|Any CPU
		{E9D5971F-1393-42FC-BE80-FEAB4AEC6A89}.Release|Any CPU.ActiveCfg = Release|Any CPU
		{E9D5971F-1393-42FC-BE80-FEAB4AEC6A89}.Release|Any CPU.Build.0 = Release|Any CPU
		{E9D5971F-1393-42FC-BE80-FEAB4AEC6A89}.Release|ARM.ActiveCfg = Release|Any CPU
		{E9D5971F-1393-42FC-BE80-FEAB4AEC6A89}.Release|ARM.Build.0 = Release|Any CPU
		{E9D5971F-1393-42FC-BE80-FEAB4AEC6A89}.Release|iPhone.ActiveCfg = Release|Any CPU
		{E9D5971F-1393-42FC-BE80-FEAB4AEC6A89}.Release|iPhone.Build.0 = Release|Any CPU
		{E9D5971F-1393-42FC-BE80-FEAB4AEC6A89}.Release|iPhoneSimulator.ActiveCfg = Release|Any CPU
		{E9D5971F-1393-42FC-BE80-FEAB4AEC6A89}.Release|iPhoneSimulator.Build.0 = Release|Any CPU
		{E9D5971F-1393-42FC-BE80-FEAB4AEC6A89}.Release|x64.ActiveCfg = Release|Any CPU
		{E9D5971F-1393-42FC-BE80-FEAB4AEC6A89}.Release|x64.Build.0 = Release|Any CPU
		{E9D5971F-1393-42FC-BE80-FEAB4AEC6A89}.Release|x86.ActiveCfg = Release|Any CPU
		{E9D5971F-1393-42FC-BE80-FEAB4AEC6A89}.Release|x86.Build.0 = Release|Any CPU
		{FEE0BC4F-4EBB-4B67-A7C7-95DF4FC571AB}.Ad-Hoc|Any CPU.ActiveCfg = Release|Any CPU
		{FEE0BC4F-4EBB-4B67-A7C7-95DF4FC571AB}.Ad-Hoc|Any CPU.Build.0 = Release|Any CPU
		{FEE0BC4F-4EBB-4B67-A7C7-95DF4FC571AB}.Ad-Hoc|Any CPU.Deploy.0 = Release|Any CPU
		{FEE0BC4F-4EBB-4B67-A7C7-95DF4FC571AB}.Ad-Hoc|ARM.ActiveCfg = Release|Any CPU
		{FEE0BC4F-4EBB-4B67-A7C7-95DF4FC571AB}.Ad-Hoc|ARM.Build.0 = Release|Any CPU
		{FEE0BC4F-4EBB-4B67-A7C7-95DF4FC571AB}.Ad-Hoc|ARM.Deploy.0 = Release|Any CPU
		{FEE0BC4F-4EBB-4B67-A7C7-95DF4FC571AB}.Ad-Hoc|iPhone.ActiveCfg = Release|Any CPU
		{FEE0BC4F-4EBB-4B67-A7C7-95DF4FC571AB}.Ad-Hoc|iPhone.Build.0 = Release|Any CPU
		{FEE0BC4F-4EBB-4B67-A7C7-95DF4FC571AB}.Ad-Hoc|iPhone.Deploy.0 = Release|Any CPU
		{FEE0BC4F-4EBB-4B67-A7C7-95DF4FC571AB}.Ad-Hoc|iPhoneSimulator.ActiveCfg = Release|Any CPU
		{FEE0BC4F-4EBB-4B67-A7C7-95DF4FC571AB}.Ad-Hoc|iPhoneSimulator.Build.0 = Release|Any CPU
		{FEE0BC4F-4EBB-4B67-A7C7-95DF4FC571AB}.Ad-Hoc|iPhoneSimulator.Deploy.0 = Release|Any CPU
		{FEE0BC4F-4EBB-4B67-A7C7-95DF4FC571AB}.Ad-Hoc|x64.ActiveCfg = Release|Any CPU
		{FEE0BC4F-4EBB-4B67-A7C7-95DF4FC571AB}.Ad-Hoc|x64.Build.0 = Release|Any CPU
		{FEE0BC4F-4EBB-4B67-A7C7-95DF4FC571AB}.Ad-Hoc|x64.Deploy.0 = Release|Any CPU
		{FEE0BC4F-4EBB-4B67-A7C7-95DF4FC571AB}.Ad-Hoc|x86.ActiveCfg = Release|Any CPU
		{FEE0BC4F-4EBB-4B67-A7C7-95DF4FC571AB}.Ad-Hoc|x86.Build.0 = Release|Any CPU
		{FEE0BC4F-4EBB-4B67-A7C7-95DF4FC571AB}.Ad-Hoc|x86.Deploy.0 = Release|Any CPU
		{FEE0BC4F-4EBB-4B67-A7C7-95DF4FC571AB}.AppStore|Any CPU.ActiveCfg = Release|Any CPU
		{FEE0BC4F-4EBB-4B67-A7C7-95DF4FC571AB}.AppStore|Any CPU.Build.0 = Release|Any CPU
		{FEE0BC4F-4EBB-4B67-A7C7-95DF4FC571AB}.AppStore|Any CPU.Deploy.0 = Release|Any CPU
		{FEE0BC4F-4EBB-4B67-A7C7-95DF4FC571AB}.AppStore|ARM.ActiveCfg = Release|Any CPU
		{FEE0BC4F-4EBB-4B67-A7C7-95DF4FC571AB}.AppStore|ARM.Build.0 = Release|Any CPU
		{FEE0BC4F-4EBB-4B67-A7C7-95DF4FC571AB}.AppStore|ARM.Deploy.0 = Release|Any CPU
		{FEE0BC4F-4EBB-4B67-A7C7-95DF4FC571AB}.AppStore|iPhone.ActiveCfg = Release|Any CPU
		{FEE0BC4F-4EBB-4B67-A7C7-95DF4FC571AB}.AppStore|iPhone.Build.0 = Release|Any CPU
		{FEE0BC4F-4EBB-4B67-A7C7-95DF4FC571AB}.AppStore|iPhone.Deploy.0 = Release|Any CPU
		{FEE0BC4F-4EBB-4B67-A7C7-95DF4FC571AB}.AppStore|iPhoneSimulator.ActiveCfg = Release|Any CPU
		{FEE0BC4F-4EBB-4B67-A7C7-95DF4FC571AB}.AppStore|iPhoneSimulator.Build.0 = Release|Any CPU
		{FEE0BC4F-4EBB-4B67-A7C7-95DF4FC571AB}.AppStore|iPhoneSimulator.Deploy.0 = Release|Any CPU
		{FEE0BC4F-4EBB-4B67-A7C7-95DF4FC571AB}.AppStore|x64.ActiveCfg = Release|Any CPU
		{FEE0BC4F-4EBB-4B67-A7C7-95DF4FC571AB}.AppStore|x64.Build.0 = Release|Any CPU
		{FEE0BC4F-4EBB-4B67-A7C7-95DF4FC571AB}.AppStore|x64.Deploy.0 = Release|Any CPU
		{FEE0BC4F-4EBB-4B67-A7C7-95DF4FC571AB}.AppStore|x86.ActiveCfg = Release|Any CPU
		{FEE0BC4F-4EBB-4B67-A7C7-95DF4FC571AB}.AppStore|x86.Build.0 = Release|Any CPU
		{FEE0BC4F-4EBB-4B67-A7C7-95DF4FC571AB}.AppStore|x86.Deploy.0 = Release|Any CPU
		{FEE0BC4F-4EBB-4B67-A7C7-95DF4FC571AB}.Debug|Any CPU.ActiveCfg = Debug|Any CPU
		{FEE0BC4F-4EBB-4B67-A7C7-95DF4FC571AB}.Debug|Any CPU.Build.0 = Debug|Any CPU
		{FEE0BC4F-4EBB-4B67-A7C7-95DF4FC571AB}.Debug|Any CPU.Deploy.0 = Debug|Any CPU
		{FEE0BC4F-4EBB-4B67-A7C7-95DF4FC571AB}.Debug|ARM.ActiveCfg = Debug|Any CPU
		{FEE0BC4F-4EBB-4B67-A7C7-95DF4FC571AB}.Debug|ARM.Build.0 = Debug|Any CPU
		{FEE0BC4F-4EBB-4B67-A7C7-95DF4FC571AB}.Debug|ARM.Deploy.0 = Debug|Any CPU
		{FEE0BC4F-4EBB-4B67-A7C7-95DF4FC571AB}.Debug|iPhone.ActiveCfg = Debug|Any CPU
		{FEE0BC4F-4EBB-4B67-A7C7-95DF4FC571AB}.Debug|iPhone.Build.0 = Debug|Any CPU
		{FEE0BC4F-4EBB-4B67-A7C7-95DF4FC571AB}.Debug|iPhone.Deploy.0 = Debug|Any CPU
		{FEE0BC4F-4EBB-4B67-A7C7-95DF4FC571AB}.Debug|iPhoneSimulator.ActiveCfg = Debug|Any CPU
		{FEE0BC4F-4EBB-4B67-A7C7-95DF4FC571AB}.Debug|iPhoneSimulator.Build.0 = Debug|Any CPU
		{FEE0BC4F-4EBB-4B67-A7C7-95DF4FC571AB}.Debug|iPhoneSimulator.Deploy.0 = Debug|Any CPU
		{FEE0BC4F-4EBB-4B67-A7C7-95DF4FC571AB}.Debug|x64.ActiveCfg = Debug|Any CPU
		{FEE0BC4F-4EBB-4B67-A7C7-95DF4FC571AB}.Debug|x64.Build.0 = Debug|Any CPU
		{FEE0BC4F-4EBB-4B67-A7C7-95DF4FC571AB}.Debug|x64.Deploy.0 = Debug|Any CPU
		{FEE0BC4F-4EBB-4B67-A7C7-95DF4FC571AB}.Debug|x86.ActiveCfg = Debug|Any CPU
		{FEE0BC4F-4EBB-4B67-A7C7-95DF4FC571AB}.Debug|x86.Build.0 = Debug|Any CPU
		{FEE0BC4F-4EBB-4B67-A7C7-95DF4FC571AB}.Debug|x86.Deploy.0 = Debug|Any CPU
		{FEE0BC4F-4EBB-4B67-A7C7-95DF4FC571AB}.Release|Any CPU.ActiveCfg = Release|Any CPU
		{FEE0BC4F-4EBB-4B67-A7C7-95DF4FC571AB}.Release|Any CPU.Build.0 = Release|Any CPU
		{FEE0BC4F-4EBB-4B67-A7C7-95DF4FC571AB}.Release|Any CPU.Deploy.0 = Release|Any CPU
		{FEE0BC4F-4EBB-4B67-A7C7-95DF4FC571AB}.Release|ARM.ActiveCfg = Release|Any CPU
		{FEE0BC4F-4EBB-4B67-A7C7-95DF4FC571AB}.Release|ARM.Build.0 = Release|Any CPU
		{FEE0BC4F-4EBB-4B67-A7C7-95DF4FC571AB}.Release|ARM.Deploy.0 = Release|Any CPU
		{FEE0BC4F-4EBB-4B67-A7C7-95DF4FC571AB}.Release|iPhone.ActiveCfg = Release|Any CPU
		{FEE0BC4F-4EBB-4B67-A7C7-95DF4FC571AB}.Release|iPhone.Build.0 = Release|Any CPU
		{FEE0BC4F-4EBB-4B67-A7C7-95DF4FC571AB}.Release|iPhone.Deploy.0 = Release|Any CPU
		{FEE0BC4F-4EBB-4B67-A7C7-95DF4FC571AB}.Release|iPhoneSimulator.ActiveCfg = Release|Any CPU
		{FEE0BC4F-4EBB-4B67-A7C7-95DF4FC571AB}.Release|iPhoneSimulator.Build.0 = Release|Any CPU
		{FEE0BC4F-4EBB-4B67-A7C7-95DF4FC571AB}.Release|iPhoneSimulator.Deploy.0 = Release|Any CPU
		{FEE0BC4F-4EBB-4B67-A7C7-95DF4FC571AB}.Release|x64.ActiveCfg = Release|Any CPU
		{FEE0BC4F-4EBB-4B67-A7C7-95DF4FC571AB}.Release|x64.Build.0 = Release|Any CPU
		{FEE0BC4F-4EBB-4B67-A7C7-95DF4FC571AB}.Release|x64.Deploy.0 = Release|Any CPU
		{FEE0BC4F-4EBB-4B67-A7C7-95DF4FC571AB}.Release|x86.ActiveCfg = Release|Any CPU
		{FEE0BC4F-4EBB-4B67-A7C7-95DF4FC571AB}.Release|x86.Build.0 = Release|Any CPU
		{FEE0BC4F-4EBB-4B67-A7C7-95DF4FC571AB}.Release|x86.Deploy.0 = Release|Any CPU
		{A108F7B6-1CF7-438E-80F3-0CAD679EA7A8}.Ad-Hoc|Any CPU.ActiveCfg = Ad-Hoc|iPhone
		{A108F7B6-1CF7-438E-80F3-0CAD679EA7A8}.Ad-Hoc|ARM.ActiveCfg = Ad-Hoc|iPhone
		{A108F7B6-1CF7-438E-80F3-0CAD679EA7A8}.Ad-Hoc|iPhone.ActiveCfg = Ad-Hoc|iPhone
		{A108F7B6-1CF7-438E-80F3-0CAD679EA7A8}.Ad-Hoc|iPhone.Build.0 = Ad-Hoc|iPhone
		{A108F7B6-1CF7-438E-80F3-0CAD679EA7A8}.Ad-Hoc|iPhoneSimulator.ActiveCfg = Ad-Hoc|iPhoneSimulator
		{A108F7B6-1CF7-438E-80F3-0CAD679EA7A8}.Ad-Hoc|iPhoneSimulator.Build.0 = Ad-Hoc|iPhoneSimulator
		{A108F7B6-1CF7-438E-80F3-0CAD679EA7A8}.Ad-Hoc|x64.ActiveCfg = Ad-Hoc|iPhone
		{A108F7B6-1CF7-438E-80F3-0CAD679EA7A8}.Ad-Hoc|x86.ActiveCfg = Ad-Hoc|iPhone
		{A108F7B6-1CF7-438E-80F3-0CAD679EA7A8}.AppStore|Any CPU.ActiveCfg = AppStore|iPhone
		{A108F7B6-1CF7-438E-80F3-0CAD679EA7A8}.AppStore|ARM.ActiveCfg = AppStore|iPhone
		{A108F7B6-1CF7-438E-80F3-0CAD679EA7A8}.AppStore|iPhone.ActiveCfg = AppStore|iPhone
		{A108F7B6-1CF7-438E-80F3-0CAD679EA7A8}.AppStore|iPhone.Build.0 = AppStore|iPhone
		{A108F7B6-1CF7-438E-80F3-0CAD679EA7A8}.AppStore|iPhoneSimulator.ActiveCfg = AppStore|iPhoneSimulator
		{A108F7B6-1CF7-438E-80F3-0CAD679EA7A8}.AppStore|iPhoneSimulator.Build.0 = AppStore|iPhoneSimulator
		{A108F7B6-1CF7-438E-80F3-0CAD679EA7A8}.AppStore|x64.ActiveCfg = AppStore|iPhone
		{A108F7B6-1CF7-438E-80F3-0CAD679EA7A8}.AppStore|x86.ActiveCfg = AppStore|iPhone
		{A108F7B6-1CF7-438E-80F3-0CAD679EA7A8}.Debug|Any CPU.ActiveCfg = Debug|iPhone
		{A108F7B6-1CF7-438E-80F3-0CAD679EA7A8}.Debug|ARM.ActiveCfg = Debug|iPhone
		{A108F7B6-1CF7-438E-80F3-0CAD679EA7A8}.Debug|iPhone.ActiveCfg = Debug|iPhone
		{A108F7B6-1CF7-438E-80F3-0CAD679EA7A8}.Debug|iPhone.Build.0 = Debug|iPhone
		{A108F7B6-1CF7-438E-80F3-0CAD679EA7A8}.Debug|iPhoneSimulator.ActiveCfg = Debug|iPhoneSimulator
		{A108F7B6-1CF7-438E-80F3-0CAD679EA7A8}.Debug|iPhoneSimulator.Build.0 = Debug|iPhoneSimulator
		{A108F7B6-1CF7-438E-80F3-0CAD679EA7A8}.Debug|x64.ActiveCfg = Debug|iPhone
		{A108F7B6-1CF7-438E-80F3-0CAD679EA7A8}.Debug|x86.ActiveCfg = Debug|iPhone
		{A108F7B6-1CF7-438E-80F3-0CAD679EA7A8}.Release|Any CPU.ActiveCfg = Release|iPhone
		{A108F7B6-1CF7-438E-80F3-0CAD679EA7A8}.Release|ARM.ActiveCfg = Release|iPhone
		{A108F7B6-1CF7-438E-80F3-0CAD679EA7A8}.Release|iPhone.ActiveCfg = Release|iPhone
		{A108F7B6-1CF7-438E-80F3-0CAD679EA7A8}.Release|iPhone.Build.0 = Release|iPhone
		{A108F7B6-1CF7-438E-80F3-0CAD679EA7A8}.Release|iPhoneSimulator.ActiveCfg = Release|iPhoneSimulator
		{A108F7B6-1CF7-438E-80F3-0CAD679EA7A8}.Release|iPhoneSimulator.Build.0 = Release|iPhoneSimulator
		{A108F7B6-1CF7-438E-80F3-0CAD679EA7A8}.Release|x64.ActiveCfg = Release|iPhone
		{A108F7B6-1CF7-438E-80F3-0CAD679EA7A8}.Release|x86.ActiveCfg = Release|iPhone
		{78ED0C0E-895F-4714-B81D-4BCD86D37162}.Ad-Hoc|Any CPU.ActiveCfg = Release|Any CPU
		{78ED0C0E-895F-4714-B81D-4BCD86D37162}.Ad-Hoc|Any CPU.Build.0 = Release|Any CPU
		{78ED0C0E-895F-4714-B81D-4BCD86D37162}.Ad-Hoc|Any CPU.Deploy.0 = Release|Any CPU
		{78ED0C0E-895F-4714-B81D-4BCD86D37162}.Ad-Hoc|ARM.ActiveCfg = Release|ARM
		{78ED0C0E-895F-4714-B81D-4BCD86D37162}.Ad-Hoc|ARM.Build.0 = Release|ARM
		{78ED0C0E-895F-4714-B81D-4BCD86D37162}.Ad-Hoc|ARM.Deploy.0 = Release|ARM
		{78ED0C0E-895F-4714-B81D-4BCD86D37162}.Ad-Hoc|iPhone.ActiveCfg = Release|Any CPU
		{78ED0C0E-895F-4714-B81D-4BCD86D37162}.Ad-Hoc|iPhone.Build.0 = Release|Any CPU
		{78ED0C0E-895F-4714-B81D-4BCD86D37162}.Ad-Hoc|iPhone.Deploy.0 = Release|Any CPU
		{78ED0C0E-895F-4714-B81D-4BCD86D37162}.Ad-Hoc|iPhoneSimulator.ActiveCfg = Release|Any CPU
		{78ED0C0E-895F-4714-B81D-4BCD86D37162}.Ad-Hoc|iPhoneSimulator.Build.0 = Release|Any CPU
		{78ED0C0E-895F-4714-B81D-4BCD86D37162}.Ad-Hoc|iPhoneSimulator.Deploy.0 = Release|Any CPU
		{78ED0C0E-895F-4714-B81D-4BCD86D37162}.Ad-Hoc|x64.ActiveCfg = Release|Any CPU
		{78ED0C0E-895F-4714-B81D-4BCD86D37162}.Ad-Hoc|x64.Build.0 = Release|Any CPU
		{78ED0C0E-895F-4714-B81D-4BCD86D37162}.Ad-Hoc|x64.Deploy.0 = Release|Any CPU
		{78ED0C0E-895F-4714-B81D-4BCD86D37162}.Ad-Hoc|x86.ActiveCfg = Release|x86
		{78ED0C0E-895F-4714-B81D-4BCD86D37162}.Ad-Hoc|x86.Build.0 = Release|x86
		{78ED0C0E-895F-4714-B81D-4BCD86D37162}.Ad-Hoc|x86.Deploy.0 = Release|x86
		{78ED0C0E-895F-4714-B81D-4BCD86D37162}.AppStore|Any CPU.ActiveCfg = Release|Any CPU
		{78ED0C0E-895F-4714-B81D-4BCD86D37162}.AppStore|Any CPU.Build.0 = Release|Any CPU
		{78ED0C0E-895F-4714-B81D-4BCD86D37162}.AppStore|Any CPU.Deploy.0 = Release|Any CPU
		{78ED0C0E-895F-4714-B81D-4BCD86D37162}.AppStore|ARM.ActiveCfg = Release|ARM
		{78ED0C0E-895F-4714-B81D-4BCD86D37162}.AppStore|ARM.Build.0 = Release|ARM
		{78ED0C0E-895F-4714-B81D-4BCD86D37162}.AppStore|ARM.Deploy.0 = Release|ARM
		{78ED0C0E-895F-4714-B81D-4BCD86D37162}.AppStore|iPhone.ActiveCfg = Release|Any CPU
		{78ED0C0E-895F-4714-B81D-4BCD86D37162}.AppStore|iPhone.Build.0 = Release|Any CPU
		{78ED0C0E-895F-4714-B81D-4BCD86D37162}.AppStore|iPhone.Deploy.0 = Release|Any CPU
		{78ED0C0E-895F-4714-B81D-4BCD86D37162}.AppStore|iPhoneSimulator.ActiveCfg = Release|Any CPU
		{78ED0C0E-895F-4714-B81D-4BCD86D37162}.AppStore|iPhoneSimulator.Build.0 = Release|Any CPU
		{78ED0C0E-895F-4714-B81D-4BCD86D37162}.AppStore|iPhoneSimulator.Deploy.0 = Release|Any CPU
		{78ED0C0E-895F-4714-B81D-4BCD86D37162}.AppStore|x64.ActiveCfg = Release|Any CPU
		{78ED0C0E-895F-4714-B81D-4BCD86D37162}.AppStore|x64.Build.0 = Release|Any CPU
		{78ED0C0E-895F-4714-B81D-4BCD86D37162}.AppStore|x64.Deploy.0 = Release|Any CPU
		{78ED0C0E-895F-4714-B81D-4BCD86D37162}.AppStore|x86.ActiveCfg = Release|x86
		{78ED0C0E-895F-4714-B81D-4BCD86D37162}.AppStore|x86.Build.0 = Release|x86
		{78ED0C0E-895F-4714-B81D-4BCD86D37162}.AppStore|x86.Deploy.0 = Release|x86
		{78ED0C0E-895F-4714-B81D-4BCD86D37162}.Debug|Any CPU.ActiveCfg = Debug|Any CPU
		{78ED0C0E-895F-4714-B81D-4BCD86D37162}.Debug|Any CPU.Build.0 = Debug|Any CPU
		{78ED0C0E-895F-4714-B81D-4BCD86D37162}.Debug|Any CPU.Deploy.0 = Debug|Any CPU
		{78ED0C0E-895F-4714-B81D-4BCD86D37162}.Debug|ARM.ActiveCfg = Debug|ARM
		{78ED0C0E-895F-4714-B81D-4BCD86D37162}.Debug|ARM.Build.0 = Debug|ARM
		{78ED0C0E-895F-4714-B81D-4BCD86D37162}.Debug|ARM.Deploy.0 = Debug|ARM
		{78ED0C0E-895F-4714-B81D-4BCD86D37162}.Debug|iPhone.ActiveCfg = Debug|Any CPU
		{78ED0C0E-895F-4714-B81D-4BCD86D37162}.Debug|iPhone.Build.0 = Debug|Any CPU
		{78ED0C0E-895F-4714-B81D-4BCD86D37162}.Debug|iPhone.Deploy.0 = Debug|Any CPU
		{78ED0C0E-895F-4714-B81D-4BCD86D37162}.Debug|iPhoneSimulator.ActiveCfg = Debug|Any CPU
		{78ED0C0E-895F-4714-B81D-4BCD86D37162}.Debug|iPhoneSimulator.Build.0 = Debug|Any CPU
		{78ED0C0E-895F-4714-B81D-4BCD86D37162}.Debug|iPhoneSimulator.Deploy.0 = Debug|Any CPU
		{78ED0C0E-895F-4714-B81D-4BCD86D37162}.Debug|x64.ActiveCfg = Debug|Any CPU
		{78ED0C0E-895F-4714-B81D-4BCD86D37162}.Debug|x64.Build.0 = Debug|Any CPU
		{78ED0C0E-895F-4714-B81D-4BCD86D37162}.Debug|x64.Deploy.0 = Debug|Any CPU
		{78ED0C0E-895F-4714-B81D-4BCD86D37162}.Debug|x86.ActiveCfg = Debug|x86
		{78ED0C0E-895F-4714-B81D-4BCD86D37162}.Debug|x86.Build.0 = Debug|x86
		{78ED0C0E-895F-4714-B81D-4BCD86D37162}.Debug|x86.Deploy.0 = Debug|x86
		{78ED0C0E-895F-4714-B81D-4BCD86D37162}.Release|Any CPU.ActiveCfg = Release|Any CPU
		{78ED0C0E-895F-4714-B81D-4BCD86D37162}.Release|Any CPU.Build.0 = Release|Any CPU
		{78ED0C0E-895F-4714-B81D-4BCD86D37162}.Release|Any CPU.Deploy.0 = Release|Any CPU
		{78ED0C0E-895F-4714-B81D-4BCD86D37162}.Release|ARM.ActiveCfg = Release|ARM
		{78ED0C0E-895F-4714-B81D-4BCD86D37162}.Release|ARM.Build.0 = Release|ARM
		{78ED0C0E-895F-4714-B81D-4BCD86D37162}.Release|ARM.Deploy.0 = Release|ARM
		{78ED0C0E-895F-4714-B81D-4BCD86D37162}.Release|iPhone.ActiveCfg = Release|Any CPU
		{78ED0C0E-895F-4714-B81D-4BCD86D37162}.Release|iPhone.Build.0 = Release|Any CPU
		{78ED0C0E-895F-4714-B81D-4BCD86D37162}.Release|iPhone.Deploy.0 = Release|Any CPU
		{78ED0C0E-895F-4714-B81D-4BCD86D37162}.Release|iPhoneSimulator.ActiveCfg = Release|Any CPU
		{78ED0C0E-895F-4714-B81D-4BCD86D37162}.Release|iPhoneSimulator.Build.0 = Release|Any CPU
		{78ED0C0E-895F-4714-B81D-4BCD86D37162}.Release|iPhoneSimulator.Deploy.0 = Release|Any CPU
		{78ED0C0E-895F-4714-B81D-4BCD86D37162}.Release|x64.ActiveCfg = Release|Any CPU
		{78ED0C0E-895F-4714-B81D-4BCD86D37162}.Release|x64.Build.0 = Release|Any CPU
		{78ED0C0E-895F-4714-B81D-4BCD86D37162}.Release|x64.Deploy.0 = Release|Any CPU
		{78ED0C0E-895F-4714-B81D-4BCD86D37162}.Release|x86.ActiveCfg = Release|x86
		{78ED0C0E-895F-4714-B81D-4BCD86D37162}.Release|x86.Build.0 = Release|x86
		{78ED0C0E-895F-4714-B81D-4BCD86D37162}.Release|x86.Deploy.0 = Release|x86
		{30F61D8D-C032-45BF-B451-D9605D777FF7}.Ad-Hoc|Any CPU.ActiveCfg = Release|Any CPU
		{30F61D8D-C032-45BF-B451-D9605D777FF7}.Ad-Hoc|Any CPU.Build.0 = Release|Any CPU
		{30F61D8D-C032-45BF-B451-D9605D777FF7}.Ad-Hoc|Any CPU.Deploy.0 = Release|Any CPU
		{30F61D8D-C032-45BF-B451-D9605D777FF7}.Ad-Hoc|ARM.ActiveCfg = Release|ARM
		{30F61D8D-C032-45BF-B451-D9605D777FF7}.Ad-Hoc|ARM.Build.0 = Release|ARM
		{30F61D8D-C032-45BF-B451-D9605D777FF7}.Ad-Hoc|ARM.Deploy.0 = Release|ARM
		{30F61D8D-C032-45BF-B451-D9605D777FF7}.Ad-Hoc|iPhone.ActiveCfg = Release|Any CPU
		{30F61D8D-C032-45BF-B451-D9605D777FF7}.Ad-Hoc|iPhone.Build.0 = Release|Any CPU
		{30F61D8D-C032-45BF-B451-D9605D777FF7}.Ad-Hoc|iPhone.Deploy.0 = Release|Any CPU
		{30F61D8D-C032-45BF-B451-D9605D777FF7}.Ad-Hoc|iPhoneSimulator.ActiveCfg = Release|Any CPU
		{30F61D8D-C032-45BF-B451-D9605D777FF7}.Ad-Hoc|iPhoneSimulator.Build.0 = Release|Any CPU
		{30F61D8D-C032-45BF-B451-D9605D777FF7}.Ad-Hoc|iPhoneSimulator.Deploy.0 = Release|Any CPU
		{30F61D8D-C032-45BF-B451-D9605D777FF7}.Ad-Hoc|x64.ActiveCfg = Release|x64
		{30F61D8D-C032-45BF-B451-D9605D777FF7}.Ad-Hoc|x64.Build.0 = Release|x64
		{30F61D8D-C032-45BF-B451-D9605D777FF7}.Ad-Hoc|x64.Deploy.0 = Release|x64
		{30F61D8D-C032-45BF-B451-D9605D777FF7}.Ad-Hoc|x86.ActiveCfg = Release|x86
		{30F61D8D-C032-45BF-B451-D9605D777FF7}.Ad-Hoc|x86.Build.0 = Release|x86
		{30F61D8D-C032-45BF-B451-D9605D777FF7}.Ad-Hoc|x86.Deploy.0 = Release|x86
		{30F61D8D-C032-45BF-B451-D9605D777FF7}.AppStore|Any CPU.ActiveCfg = Release|Any CPU
		{30F61D8D-C032-45BF-B451-D9605D777FF7}.AppStore|Any CPU.Build.0 = Release|Any CPU
		{30F61D8D-C032-45BF-B451-D9605D777FF7}.AppStore|Any CPU.Deploy.0 = Release|Any CPU
		{30F61D8D-C032-45BF-B451-D9605D777FF7}.AppStore|ARM.ActiveCfg = Release|ARM
		{30F61D8D-C032-45BF-B451-D9605D777FF7}.AppStore|ARM.Build.0 = Release|ARM
		{30F61D8D-C032-45BF-B451-D9605D777FF7}.AppStore|ARM.Deploy.0 = Release|ARM
		{30F61D8D-C032-45BF-B451-D9605D777FF7}.AppStore|iPhone.ActiveCfg = Release|Any CPU
		{30F61D8D-C032-45BF-B451-D9605D777FF7}.AppStore|iPhone.Build.0 = Release|Any CPU
		{30F61D8D-C032-45BF-B451-D9605D777FF7}.AppStore|iPhone.Deploy.0 = Release|Any CPU
		{30F61D8D-C032-45BF-B451-D9605D777FF7}.AppStore|iPhoneSimulator.ActiveCfg = Release|Any CPU
		{30F61D8D-C032-45BF-B451-D9605D777FF7}.AppStore|iPhoneSimulator.Build.0 = Release|Any CPU
		{30F61D8D-C032-45BF-B451-D9605D777FF7}.AppStore|iPhoneSimulator.Deploy.0 = Release|Any CPU
		{30F61D8D-C032-45BF-B451-D9605D777FF7}.AppStore|x64.ActiveCfg = Release|x64
		{30F61D8D-C032-45BF-B451-D9605D777FF7}.AppStore|x64.Build.0 = Release|x64
		{30F61D8D-C032-45BF-B451-D9605D777FF7}.AppStore|x64.Deploy.0 = Release|x64
		{30F61D8D-C032-45BF-B451-D9605D777FF7}.AppStore|x86.ActiveCfg = Release|x86
		{30F61D8D-C032-45BF-B451-D9605D777FF7}.AppStore|x86.Build.0 = Release|x86
		{30F61D8D-C032-45BF-B451-D9605D777FF7}.AppStore|x86.Deploy.0 = Release|x86
		{30F61D8D-C032-45BF-B451-D9605D777FF7}.Debug|Any CPU.ActiveCfg = Debug|Any CPU
		{30F61D8D-C032-45BF-B451-D9605D777FF7}.Debug|Any CPU.Build.0 = Debug|Any CPU
		{30F61D8D-C032-45BF-B451-D9605D777FF7}.Debug|Any CPU.Deploy.0 = Debug|Any CPU
		{30F61D8D-C032-45BF-B451-D9605D777FF7}.Debug|ARM.ActiveCfg = Debug|ARM
		{30F61D8D-C032-45BF-B451-D9605D777FF7}.Debug|ARM.Build.0 = Debug|ARM
		{30F61D8D-C032-45BF-B451-D9605D777FF7}.Debug|ARM.Deploy.0 = Debug|ARM
		{30F61D8D-C032-45BF-B451-D9605D777FF7}.Debug|iPhone.ActiveCfg = Debug|Any CPU
		{30F61D8D-C032-45BF-B451-D9605D777FF7}.Debug|iPhone.Build.0 = Debug|Any CPU
		{30F61D8D-C032-45BF-B451-D9605D777FF7}.Debug|iPhone.Deploy.0 = Debug|Any CPU
		{30F61D8D-C032-45BF-B451-D9605D777FF7}.Debug|iPhoneSimulator.ActiveCfg = Debug|Any CPU
		{30F61D8D-C032-45BF-B451-D9605D777FF7}.Debug|iPhoneSimulator.Build.0 = Debug|Any CPU
		{30F61D8D-C032-45BF-B451-D9605D777FF7}.Debug|iPhoneSimulator.Deploy.0 = Debug|Any CPU
		{30F61D8D-C032-45BF-B451-D9605D777FF7}.Debug|x64.ActiveCfg = Debug|x64
		{30F61D8D-C032-45BF-B451-D9605D777FF7}.Debug|x64.Build.0 = Debug|x64
		{30F61D8D-C032-45BF-B451-D9605D777FF7}.Debug|x64.Deploy.0 = Debug|x64
		{30F61D8D-C032-45BF-B451-D9605D777FF7}.Debug|x86.ActiveCfg = Debug|x86
		{30F61D8D-C032-45BF-B451-D9605D777FF7}.Debug|x86.Build.0 = Debug|x86
		{30F61D8D-C032-45BF-B451-D9605D777FF7}.Debug|x86.Deploy.0 = Debug|x86
		{30F61D8D-C032-45BF-B451-D9605D777FF7}.Release|Any CPU.ActiveCfg = Release|Any CPU
		{30F61D8D-C032-45BF-B451-D9605D777FF7}.Release|Any CPU.Build.0 = Release|Any CPU
		{30F61D8D-C032-45BF-B451-D9605D777FF7}.Release|Any CPU.Deploy.0 = Release|Any CPU
		{30F61D8D-C032-45BF-B451-D9605D777FF7}.Release|ARM.ActiveCfg = Release|ARM
		{30F61D8D-C032-45BF-B451-D9605D777FF7}.Release|ARM.Build.0 = Release|ARM
		{30F61D8D-C032-45BF-B451-D9605D777FF7}.Release|ARM.Deploy.0 = Release|ARM
		{30F61D8D-C032-45BF-B451-D9605D777FF7}.Release|iPhone.ActiveCfg = Release|Any CPU
		{30F61D8D-C032-45BF-B451-D9605D777FF7}.Release|iPhone.Build.0 = Release|Any CPU
		{30F61D8D-C032-45BF-B451-D9605D777FF7}.Release|iPhone.Deploy.0 = Release|Any CPU
		{30F61D8D-C032-45BF-B451-D9605D777FF7}.Release|iPhoneSimulator.ActiveCfg = Release|Any CPU
		{30F61D8D-C032-45BF-B451-D9605D777FF7}.Release|iPhoneSimulator.Build.0 = Release|Any CPU
		{30F61D8D-C032-45BF-B451-D9605D777FF7}.Release|iPhoneSimulator.Deploy.0 = Release|Any CPU
		{30F61D8D-C032-45BF-B451-D9605D777FF7}.Release|x64.ActiveCfg = Release|x64
		{30F61D8D-C032-45BF-B451-D9605D777FF7}.Release|x64.Build.0 = Release|x64
		{30F61D8D-C032-45BF-B451-D9605D777FF7}.Release|x64.Deploy.0 = Release|x64
		{30F61D8D-C032-45BF-B451-D9605D777FF7}.Release|x86.ActiveCfg = Release|x86
		{30F61D8D-C032-45BF-B451-D9605D777FF7}.Release|x86.Build.0 = Release|x86
		{30F61D8D-C032-45BF-B451-D9605D777FF7}.Release|x86.Deploy.0 = Release|x86
		{3586EFA7-649B-46C0-8058-E25961D0E326}.Ad-Hoc|Any CPU.ActiveCfg = Debug|Any CPU
		{3586EFA7-649B-46C0-8058-E25961D0E326}.Ad-Hoc|Any CPU.Build.0 = Debug|Any CPU
		{3586EFA7-649B-46C0-8058-E25961D0E326}.Ad-Hoc|ARM.ActiveCfg = Debug|Any CPU
		{3586EFA7-649B-46C0-8058-E25961D0E326}.Ad-Hoc|ARM.Build.0 = Debug|Any CPU
		{3586EFA7-649B-46C0-8058-E25961D0E326}.Ad-Hoc|iPhone.ActiveCfg = Debug|Any CPU
		{3586EFA7-649B-46C0-8058-E25961D0E326}.Ad-Hoc|iPhone.Build.0 = Debug|Any CPU
		{3586EFA7-649B-46C0-8058-E25961D0E326}.Ad-Hoc|iPhoneSimulator.ActiveCfg = Debug|Any CPU
		{3586EFA7-649B-46C0-8058-E25961D0E326}.Ad-Hoc|iPhoneSimulator.Build.0 = Debug|Any CPU
		{3586EFA7-649B-46C0-8058-E25961D0E326}.Ad-Hoc|x64.ActiveCfg = Debug|Any CPU
		{3586EFA7-649B-46C0-8058-E25961D0E326}.Ad-Hoc|x64.Build.0 = Debug|Any CPU
		{3586EFA7-649B-46C0-8058-E25961D0E326}.Ad-Hoc|x86.ActiveCfg = Debug|Any CPU
		{3586EFA7-649B-46C0-8058-E25961D0E326}.Ad-Hoc|x86.Build.0 = Debug|Any CPU
		{3586EFA7-649B-46C0-8058-E25961D0E326}.AppStore|Any CPU.ActiveCfg = Debug|Any CPU
		{3586EFA7-649B-46C0-8058-E25961D0E326}.AppStore|Any CPU.Build.0 = Debug|Any CPU
		{3586EFA7-649B-46C0-8058-E25961D0E326}.AppStore|ARM.ActiveCfg = Debug|Any CPU
		{3586EFA7-649B-46C0-8058-E25961D0E326}.AppStore|ARM.Build.0 = Debug|Any CPU
		{3586EFA7-649B-46C0-8058-E25961D0E326}.AppStore|iPhone.ActiveCfg = Debug|Any CPU
		{3586EFA7-649B-46C0-8058-E25961D0E326}.AppStore|iPhone.Build.0 = Debug|Any CPU
		{3586EFA7-649B-46C0-8058-E25961D0E326}.AppStore|iPhoneSimulator.ActiveCfg = Debug|Any CPU
		{3586EFA7-649B-46C0-8058-E25961D0E326}.AppStore|iPhoneSimulator.Build.0 = Debug|Any CPU
		{3586EFA7-649B-46C0-8058-E25961D0E326}.AppStore|x64.ActiveCfg = Debug|Any CPU
		{3586EFA7-649B-46C0-8058-E25961D0E326}.AppStore|x64.Build.0 = Debug|Any CPU
		{3586EFA7-649B-46C0-8058-E25961D0E326}.AppStore|x86.ActiveCfg = Debug|Any CPU
		{3586EFA7-649B-46C0-8058-E25961D0E326}.AppStore|x86.Build.0 = Debug|Any CPU
		{3586EFA7-649B-46C0-8058-E25961D0E326}.Debug|Any CPU.ActiveCfg = Debug|Any CPU
		{3586EFA7-649B-46C0-8058-E25961D0E326}.Debug|Any CPU.Build.0 = Debug|Any CPU
		{3586EFA7-649B-46C0-8058-E25961D0E326}.Debug|ARM.ActiveCfg = Debug|Any CPU
		{3586EFA7-649B-46C0-8058-E25961D0E326}.Debug|ARM.Build.0 = Debug|Any CPU
		{3586EFA7-649B-46C0-8058-E25961D0E326}.Debug|iPhone.ActiveCfg = Debug|Any CPU
		{3586EFA7-649B-46C0-8058-E25961D0E326}.Debug|iPhone.Build.0 = Debug|Any CPU
		{3586EFA7-649B-46C0-8058-E25961D0E326}.Debug|iPhoneSimulator.ActiveCfg = Debug|Any CPU
		{3586EFA7-649B-46C0-8058-E25961D0E326}.Debug|iPhoneSimulator.Build.0 = Debug|Any CPU
		{3586EFA7-649B-46C0-8058-E25961D0E326}.Debug|x64.ActiveCfg = Debug|Any CPU
		{3586EFA7-649B-46C0-8058-E25961D0E326}.Debug|x64.Build.0 = Debug|Any CPU
		{3586EFA7-649B-46C0-8058-E25961D0E326}.Debug|x86.ActiveCfg = Debug|Any CPU
		{3586EFA7-649B-46C0-8058-E25961D0E326}.Debug|x86.Build.0 = Debug|Any CPU
		{3586EFA7-649B-46C0-8058-E25961D0E326}.Release|Any CPU.ActiveCfg = Release|Any CPU
		{3586EFA7-649B-46C0-8058-E25961D0E326}.Release|Any CPU.Build.0 = Release|Any CPU
		{3586EFA7-649B-46C0-8058-E25961D0E326}.Release|ARM.ActiveCfg = Release|Any CPU
		{3586EFA7-649B-46C0-8058-E25961D0E326}.Release|ARM.Build.0 = Release|Any CPU
		{3586EFA7-649B-46C0-8058-E25961D0E326}.Release|iPhone.ActiveCfg = Release|Any CPU
		{3586EFA7-649B-46C0-8058-E25961D0E326}.Release|iPhone.Build.0 = Release|Any CPU
		{3586EFA7-649B-46C0-8058-E25961D0E326}.Release|iPhoneSimulator.ActiveCfg = Release|Any CPU
		{3586EFA7-649B-46C0-8058-E25961D0E326}.Release|iPhoneSimulator.Build.0 = Release|Any CPU
		{3586EFA7-649B-46C0-8058-E25961D0E326}.Release|x64.ActiveCfg = Release|Any CPU
		{3586EFA7-649B-46C0-8058-E25961D0E326}.Release|x64.Build.0 = Release|Any CPU
		{3586EFA7-649B-46C0-8058-E25961D0E326}.Release|x86.ActiveCfg = Release|Any CPU
		{3586EFA7-649B-46C0-8058-E25961D0E326}.Release|x86.Build.0 = Release|Any CPU
	EndGlobalSection
	GlobalSection(SolutionProperties) = preSolution
		HideSolutionNode = FALSE
	EndGlobalSection
EndGlobal
